{
  "object": {
    "pins": [
      {
        "package": "CodableCSV",
        "repositoryURL": "https://github.com/dehesa/CodableCSV.git",
        "state": {
          "branch": null,
          "revision": "2db5f560db5f8c3444f3a00fa145aa699efac3bf",
          "version": "0.5.5"
        }
      },
      {
        "package": "SwiftyGPIO",
        "repositoryURL": "https://github.com/uraimo/SwiftyGPIO.git",
        "state": {
          "branch": null,
          "revision": "4127ff9dd5c6aa8acb6be34b7ce2af2f6e0b942d",
          "version": "1.1.14"
        }
      }
    ]
  },
  "version": 1
}
