{
  "object": {
    "pins": [
      {
        "package": "SwiftyGPIO",
        "repositoryURL": "https://github.com/uraimo/SwiftyGPIO.git",
        "state": {
          "branch": null,
          "revision": "4127ff9dd5c6aa8acb6be34b7ce2af2f6e0b942d",
          "version": "1.1.14"
        }
      }
    ]
  },
  "version": 1
}
